
Microsoft Visual Studio Solution File, Format Version 12.00
# Visual Studio Version 17
VisualStudioVersion = 17.11.35431.28
MinimumVisualStudioVersion = 10.0.40219.1
Project("{9A19103F-16F7-4668-BE54-9A1E7A4F7556}") = "SnakeGame.Client", "SnakeGame\SnakeGame.Client\SnakeGame.Client.csproj", "{F7F252BA-8E59-4B85-9DEC-F7582D8F92A0}"
EndProject
Project("{9A19103F-16F7-4668-BE54-9A1E7A4F7556}") = "SnakeGame.Server", "SnakeGame\SnakeGame.Server\SnakeGame.Server.csproj", "{02103161-D292-41B3-841F-14BAC6369E0F}"
EndProject
Global
	GlobalSection(SolutionConfigurationPlatforms) = preSolution
		Debug|Any CPU = Debug|Any CPU
		Release|Any CPU = Release|Any CPU
	EndGlobalSection
	GlobalSection(ProjectConfigurationPlatforms) = postSolution
		{F7F252BA-8E59-4B85-9DEC-F7582D8F92A0}.Debug|Any CPU.ActiveCfg = Debug|Any CPU
		{F7F252BA-8E59-4B85-9DEC-F7582D8F92A0}.Debug|Any CPU.Build.0 = Debug|Any CPU
		{F7F252BA-8E59-4B85-9DEC-F7582D8F92A0}.Release|Any CPU.ActiveCfg = Release|Any CPU
		{F7F252BA-8E59-4B85-9DEC-F7582D8F92A0}.Release|Any CPU.Build.0 = Release|Any CPU
		{02103161-D292-41B3-841F-14BAC6369E0F}.Debug|Any CPU.ActiveCfg = Debug|Any CPU
		{02103161-D292-41B3-841F-14BAC6369E0F}.Debug|Any CPU.Build.0 = Debug|Any CPU
		{02103161-D292-41B3-841F-14BAC6369E0F}.Release|Any CPU.ActiveCfg = Release|Any CPU
		{02103161-D292-41B3-841F-14BAC6369E0F}.Release|Any CPU.Build.0 = Release|Any CPU
	EndGlobalSection
	GlobalSection(SolutionProperties) = preSolution
		HideSolutionNode = FALSE
	EndGlobalSection
	GlobalSection(ExtensibilityGlobals) = postSolution
		SolutionGuid = {8E0304C5-AAA9-4CB7-9703-02982BB56EDB}
	EndGlobalSection
EndGlobal
